
Microsoft Visual Studio Solution File, Format Version 12.00
# Visual Studio Version 16
VisualStudioVersion = 16.0.28803.452
MinimumVisualStudioVersion = 10.0.40219.1
Project("{FAE04EC0-301F-11D3-BF4B-00C04F79EFBC}") = "Search-element-in-collection-using-SIMD", "Search-element-in-collection-using-SIMD\Search-element-in-collection-using-SIMD.csproj", "{C6E8DA23-979F-47A5-B035-1E50126D81CC}"
EndProject
Global
	GlobalSection(SolutionConfigurationPlatforms) = preSolution
		Debug|Any CPU = Debug|Any CPU
		Release|Any CPU = Release|Any CPU
	EndGlobalSection
	GlobalSection(ProjectConfigurationPlatforms) = postSolution
		{C6E8DA23-979F-47A5-B035-1E50126D81CC}.Debug|Any CPU.ActiveCfg = Debug|Any CPU
		{C6E8DA23-979F-47A5-B035-1E50126D81CC}.Debug|Any CPU.Build.0 = Debug|Any CPU
		{C6E8DA23-979F-47A5-B035-1E50126D81CC}.Release|Any CPU.ActiveCfg = Release|Any CPU
		{C6E8DA23-979F-47A5-B035-1E50126D81CC}.Release|Any CPU.Build.0 = Release|Any CPU
	EndGlobalSection
	GlobalSection(SolutionProperties) = preSolution
		HideSolutionNode = FALSE
	EndGlobalSection
	GlobalSection(ExtensibilityGlobals) = postSolution
		SolutionGuid = {A0E89BE4-F24F-4569-BB2F-D521C26BF866}
	EndGlobalSection
EndGlobal
